// !$*UTF8*$!
{
	archiveVersion = 1;
	classes = {
	};
	objectVersion = 46;
	objects = {

/* Begin PBXBuildFile section */
		D254F9BD1A1C7646000D1BED /* main.m in Sources */ = {isa = PBXBuildFile; fileRef = D254F9BC1A1C7646000D1BED /* main.m */; };
		D254F9C01A1C7646000D1BED /* AppDelegate.m in Sources */ = {isa = PBXBuildFile; fileRef = D254F9BF1A1C7646000D1BED /* AppDelegate.m */; };
		D254F9C81A1C7646000D1BED /* Images.xcassets in Resources */ = {isa = PBXBuildFile; fileRef = D254F9C71A1C7646000D1BED /* Images.xcassets */; };
		D254F9CB1A1C7646000D1BED /* LaunchScreen.xib in Resources */ = {isa = PBXBuildFile; fileRef = D254F9C91A1C7646000D1BED /* LaunchScreen.xib */; };
		D254F9D71A1C7646000D1BED /* AlternatingCharsTests.m in Sources */ = {isa = PBXBuildFile; fileRef = D254F9D61A1C7646000D1BED /* AlternatingCharsTests.m */; };
/* End PBXBuildFile section */

/* Begin PBXContainerItemProxy section */
		D254F9D11A1C7646000D1BED /* PBXContainerItemProxy */ = {
			isa = PBXContainerItemProxy;
			containerPortal = D254F9AF1A1C7646000D1BED /* Project object */;
			proxyType = 1;
			remoteGlobalIDString = D254F9B61A1C7646000D1BED;
			remoteInfo = AlternatingChars;
		};
/* End PBXContainerItemProxy section */

/* Begin PBXFileReference section */
		D254F9B71A1C7646000D1BED /* AlternatingChars.app */ = {isa = PBXFileReference; explicitFileType = wrapper.application; includeInIndex = 0; path = AlternatingChars.app; sourceTree = BUILT_PRODUCTS_DIR; };
		D254F9BB1A1C7646000D1BED /* Info.plist */ = {isa = PBXFileReference; lastKnownFileType = text.plist.xml; path = Info.plist; sourceTree = "<group>"; };
		D254F9BC1A1C7646000D1BED /* main.m */ = {isa = PBXFileReference; lastKnownFileType = sourcecode.c.objc; path = main.m; sourceTree = "<group>"; };
		D254F9BE1A1C7646000D1BED /* AppDelegate.h */ = {isa = PBXFileReference; lastKnownFileType = sourcecode.c.h; path = AppDelegate.h; sourceTree = "<group>"; };
		D254F9BF1A1C7646000D1BED /* AppDelegate.m */ = {isa = PBXFileReference; lastKnownFileType = sourcecode.c.objc; path = AppDelegate.m; sourceTree = "<group>"; };
		D254F9C71A1C7646000D1BED /* Images.xcassets */ = {isa = PBXFileReference; lastKnownFileType = folder.assetcatalog; path = Images.xcassets; sourceTree = "<group>"; };
		D254F9CA1A1C7646000D1BED /* Base */ = {isa = PBXFileReference; lastKnownFileType = file.xib; name = Base; path = Base.lproj/LaunchScreen.xib; sourceTree = "<group>"; };
		D254F9D01A1C7646000D1BED /* AlternatingCharsTests.xctest */ = {isa = PBXFileReference; explicitFileType = wrapper.cfbundle; includeInIndex = 0; path = AlternatingCharsTests.xctest; sourceTree = BUILT_PRODUCTS_DIR; };
		D254F9D51A1C7646000D1BED /* Info.plist */ = {isa = PBXFileReference; lastKnownFileType = text.plist.xml; path = Info.plist; sourceTree = "<group>"; };
		D254F9D61A1C7646000D1BED /* AlternatingCharsTests.m */ = {isa = PBXFileReference; lastKnownFileType = sourcecode.c.objc; path = AlternatingCharsTests.m; sourceTree = "<group>"; };
/* End PBXFileReference section */

/* Begin PBXFrameworksBuildPhase section */
		D254F9B41A1C7646000D1BED /* Frameworks */ = {
			isa = PBXFrameworksBuildPhase;
			buildActionMask = 2147483647;
			files = (
			);
			runOnlyForDeploymentPostprocessing = 0;
		};
		D254F9CD1A1C7646000D1BED /* Frameworks */ = {
			isa = PBXFrameworksBuildPhase;
			buildActionMask = 2147483647;
			files = (
			);
			runOnlyForDeploymentPostprocessing = 0;
		};
/* End PBXFrameworksBuildPhase section */

/* Begin PBXGroup section */
		D254F9AE1A1C7646000D1BED = {
			isa = PBXGroup;
			children = (
				D254F9B91A1C7646000D1BED /* AlternatingChars */,
				D254F9D31A1C7646000D1BED /* AlternatingCharsTests */,
				D254F9B81A1C7646000D1BED /* Products */,
			);
			sourceTree = "<group>";
		};
		D254F9B81A1C7646000D1BED /* Products */ = {
			isa = PBXGroup;
			children = (
				D254F9B71A1C7646000D1BED /* AlternatingChars.app */,
				D254F9D01A1C7646000D1BED /* AlternatingCharsTests.xctest */,
			);
			name = Products;
			sourceTree = "<group>";
		};
		D254F9B91A1C7646000D1BED /* AlternatingChars */ = {
			isa = PBXGroup;
			children = (
				D254F9BE1A1C7646000D1BED /* AppDelegate.h */,
				D254F9BF1A1C7646000D1BED /* AppDelegate.m */,
				D254F9C71A1C7646000D1BED /* Images.xcassets */,
				D254F9C91A1C7646000D1BED /* LaunchScreen.xib */,
				D254F9BA1A1C7646000D1BED /* Supporting Files */,
			);
			path = AlternatingChars;
			sourceTree = "<group>";
		};
		D254F9BA1A1C7646000D1BED /* Supporting Files */ = {
			isa = PBXGroup;
			children = (
				D254F9BB1A1C7646000D1BED /* Info.plist */,
				D254F9BC1A1C7646000D1BED /* main.m */,
			);
			name = "Supporting Files";
			sourceTree = "<group>";
		};
		D254F9D31A1C7646000D1BED /* AlternatingCharsTests */ = {
			isa = PBXGroup;
			children = (
				D254F9D61A1C7646000D1BED /* AlternatingCharsTests.m */,
				D254F9D41A1C7646000D1BED /* Supporting Files */,
			);
			path = AlternatingCharsTests;
			sourceTree = "<group>";
		};
		D254F9D41A1C7646000D1BED /* Supporting Files */ = {
			isa = PBXGroup;
			children = (
				D254F9D51A1C7646000D1BED /* Info.plist */,
			);
			name = "Supporting Files";
			sourceTree = "<group>";
		};
/* End PBXGroup section */

/* Begin PBXNativeTarget section */
		D254F9B61A1C7646000D1BED /* AlternatingChars */ = {
			isa = PBXNativeTarget;
			buildConfigurationList = D254F9DA1A1C7646000D1BED /* Build configuration list for PBXNativeTarget "AlternatingChars" */;
			buildPhases = (
				D254F9B31A1C7646000D1BED /* Sources */,
				D254F9B41A1C7646000D1BED /* Frameworks */,
				D254F9B51A1C7646000D1BED /* Resources */,
			);
			buildRules = (
			);
			dependencies = (
			);
			name = AlternatingChars;
			productName = AlternatingChars;
			productReference = D254F9B71A1C7646000D1BED /* AlternatingChars.app */;
			productType = "com.apple.product-type.application";
		};
		D254F9CF1A1C7646000D1BED /* AlternatingCharsTests */ = {
			isa = PBXNativeTarget;
			buildConfigurationList = D254F9DD1A1C7646000D1BED /* Build configuration list for PBXNativeTarget "AlternatingCharsTests" */;
			buildPhases = (
				D254F9CC1A1C7646000D1BED /* Sources */,
				D254F9CD1A1C7646000D1BED /* Frameworks */,
				D254F9CE1A1C7646000D1BED /* Resources */,
			);
			buildRules = (
			);
			dependencies = (
				D254F9D21A1C7646000D1BED /* PBXTargetDependency */,
			);
			name = AlternatingCharsTests;
			productName = AlternatingCharsTests;
			productReference = D254F9D01A1C7646000D1BED /* AlternatingCharsTests.xctest */;
			productType = "com.apple.product-type.bundle.unit-test";
		};
/* End PBXNativeTarget section */

/* Begin PBXProject section */
		D254F9AF1A1C7646000D1BED /* Project object */ = {
			isa = PBXProject;
			attributes = {
				LastUpgradeCheck = 0610;
				ORGANIZATIONNAME = Oracle;
				TargetAttributes = {
					D254F9B61A1C7646000D1BED = {
						CreatedOnToolsVersion = 6.1;
					};
					D254F9CF1A1C7646000D1BED = {
						CreatedOnToolsVersion = 6.1;
						TestTargetID = D254F9B61A1C7646000D1BED;
					};
				};
			};
			buildConfigurationList = D254F9B21A1C7646000D1BED /* Build configuration list for PBXProject "AlternatingChars" */;
			compatibilityVersion = "Xcode 3.2";
			developmentRegion = English;
			hasScannedForEncodings = 0;
			knownRegions = (
				en,
				Base,
			);
			mainGroup = D254F9AE1A1C7646000D1BED;
			productRefGroup = D254F9B81A1C7646000D1BED /* Products */;
			projectDirPath = "";
			projectRoot = "";
			targets = (
				D254F9B61A1C7646000D1BED /* AlternatingChars */,
				D254F9CF1A1C7646000D1BED /* AlternatingCharsTests */,
			);
		};
/* End PBXProject section */

/* Begin PBXResourcesBuildPhase section */
		D254F9B51A1C7646000D1BED /* Resources */ = {
			isa = PBXResourcesBuildPhase;
			buildActionMask = 2147483647;
			files = (
				D254F9CB1A1C7646000D1BED /* LaunchScreen.xib in Resources */,
				D254F9C81A1C7646000D1BED /* Images.xcassets in Resources */,
			);
			runOnlyForDeploymentPostprocessing = 0;
		};
		D254F9CE1A1C7646000D1BED /* Resources */ = {
			isa = PBXResourcesBuildPhase;
			buildActionMask = 2147483647;
			files = (
			);
			runOnlyForDeploymentPostprocessing = 0;
		};
/* End PBXResourcesBuildPhase section */

/* Begin PBXSourcesBuildPhase section */
		D254F9B31A1C7646000D1BED /* Sources */ = {
			isa = PBXSourcesBuildPhase;
			buildActionMask = 2147483647;
			files = (
				D254F9C01A1C7646000D1BED /* AppDelegate.m in Sources */,
				D254F9BD1A1C7646000D1BED /* main.m in Sources */,
			);
			runOnlyForDeploymentPostprocessing = 0;
		};
		D254F9CC1A1C7646000D1BED /* Sources */ = {
			isa = PBXSourcesBuildPhase;
			buildActionMask = 2147483647;
			files = (
				D254F9D71A1C7646000D1BED /* AlternatingCharsTests.m in Sources */,
			);
			runOnlyForDeploymentPostprocessing = 0;
		};
/* End PBXSourcesBuildPhase section */

/* Begin PBXTargetDependency section */
		D254F9D21A1C7646000D1BED /* PBXTargetDependency */ = {
			isa = PBXTargetDependency;
			target = D254F9B61A1C7646000D1BED /* AlternatingChars */;
			targetProxy = D254F9D11A1C7646000D1BED /* PBXContainerItemProxy */;
		};
/* End PBXTargetDependency section */

/* Begin PBXVariantGroup section */
		D254F9C91A1C7646000D1BED /* LaunchScreen.xib */ = {
			isa = PBXVariantGroup;
			children = (
				D254F9CA1A1C7646000D1BED /* Base */,
			);
			name = LaunchScreen.xib;
			sourceTree = "<group>";
		};
/* End PBXVariantGroup section */

/* Begin XCBuildConfiguration section */
		D254F9D81A1C7646000D1BED /* Debug */ = {
			isa = XCBuildConfiguration;
			buildSettings = {
				ALWAYS_SEARCH_USER_PATHS = NO;
				CLANG_CXX_LANGUAGE_STANDARD = "gnu++0x";
				CLANG_CXX_LIBRARY = "libc++";
				CLANG_ENABLE_MODULES = YES;
				CLANG_ENABLE_OBJC_ARC = YES;
				CLANG_WARN_BOOL_CONVERSION = YES;
				CLANG_WARN_CONSTANT_CONVERSION = YES;
				CLANG_WARN_DIRECT_OBJC_ISA_USAGE = YES_ERROR;
				CLANG_WARN_EMPTY_BODY = YES;
				CLANG_WARN_ENUM_CONVERSION = YES;
				CLANG_WARN_INT_CONVERSION = YES;
				CLANG_WARN_OBJC_ROOT_CLASS = YES_ERROR;
				CLANG_WARN_UNREACHABLE_CODE = YES;
				CLANG_WARN__DUPLICATE_METHOD_MATCH = YES;
				"CODE_SIGN_IDENTITY[sdk=iphoneos*]" = "iPhone Developer";
				COPY_PHASE_STRIP = NO;
				ENABLE_STRICT_OBJC_MSGSEND = YES;
				GCC_C_LANGUAGE_STANDARD = gnu99;
				GCC_DYNAMIC_NO_PIC = NO;
				GCC_OPTIMIZATION_LEVEL = 0;
				GCC_PREPROCESSOR_DEFINITIONS = (
					"DEBUG=1",
					"$(inherited)",
				);
				GCC_SYMBOLS_PRIVATE_EXTERN = NO;
				GCC_WARN_64_TO_32_BIT_CONVERSION = YES;
				GCC_WARN_ABOUT_RETURN_TYPE = YES_ERROR;
				GCC_WARN_UNDECLARED_SELECTOR = YES;
				GCC_WARN_UNINITIALIZED_AUTOS = YES_AGGRESSIVE;
				GCC_WARN_UNUSED_FUNCTION = YES;
				GCC_WARN_UNUSED_VARIABLE = YES;
				IPHONEOS_DEPLOYMENT_TARGET = 8.1;
				MTL_ENABLE_DEBUG_INFO = YES;
				ONLY_ACTIVE_ARCH = YES;
				SDKROOT = iphoneos;
			};
			name = Debug;
		};
		D254F9D91A1C7646000D1BED /* Release */ = {
			isa = XCBuildConfiguration;
			buildSettings = {
				ALWAYS_SEARCH_USER_PATHS = NO;
				CLANG_CXX_LANGUAGE_STANDARD = "gnu++0x";
				CLANG_CXX_LIBRARY = "libc++";
				CLANG_ENABLE_MODULES = YES;
				CLANG_ENABLE_OBJC_ARC = YES;
				CLANG_WARN_BOOL_CONVERSION = YES;
				CLANG_WARN_CONSTANT_CONVERSION = YES;
				CLANG_WARN_DIRECT_OBJC_ISA_USAGE = YES_ERROR;
				CLANG_WARN_EMPTY_BODY = YES;
				CLANG_WARN_ENUM_CONVERSION = YES;
				CLANG_WARN_INT_CONVERSION = YES;
				CLANG_WARN_OBJC_ROOT_CLASS = YES_ERROR;
				CLANG_WARN_UNREACHABLE_CODE = YES;
				CLANG_WARN__DUPLICATE_METHOD_MATCH = YES;
				"CODE_SIGN_IDENTITY[sdk=iphoneos*]" = "iPhone Developer";
				COPY_PHASE_STRIP = YES;
				ENABLE_NS_ASSERTIONS = NO;
				ENABLE_STRICT_OBJC_MSGSEND = YES;
				GCC_C_LANGUAGE_STANDARD = gnu99;
				GCC_WARN_64_TO_32_BIT_CONVERSION = YES;
				GCC_WARN_ABOUT_RETURN_TYPE = YES_ERROR;
				GCC_WARN_UNDECLARED_SELECTOR = YES;
				GCC_WARN_UNINITIALIZED_AUTOS = YES_AGGRESSIVE;
				GCC_WARN_UNUSED_FUNCTION = YES;
				GCC_WARN_UNUSED_VARIABLE = YES;
				IPHONEOS_DEPLOYMENT_TARGET = 8.1;
				MTL_ENABLE_DEBUG_INFO = NO;
				SDKROOT = iphoneos;
				VALIDATE_PRODUCT = YES;
			};
			name = Release;
		};
		D254F9DB1A1C7646000D1BED /* Debug */ = {
			isa = XCBuildConfiguration;
			buildSettings = {
				ASSETCATALOG_COMPILER_APPICON_NAME = AppIcon;
				INFOPLIST_FILE = AlternatingChars/Info.plist;
				LD_RUNPATH_SEARCH_PATHS = "$(inherited) @executable_path/Frameworks";
				PRODUCT_NAME = "$(TARGET_NAME)";
			};
			name = Debug;
		};
		D254F9DC1A1C7646000D1BED /* Release */ = {
			isa = XCBuildConfiguration;
			buildSettings = {
				ASSETCATALOG_COMPILER_APPICON_NAME = AppIcon;
				INFOPLIST_FILE = AlternatingChars/Info.plist;
				LD_RUNPATH_SEARCH_PATHS = "$(inherited) @executable_path/Frameworks";
				PRODUCT_NAME = "$(TARGET_NAME)";
			};
			name = Release;
		};
		D254F9DE1A1C7646000D1BED /* Debug */ = {
			isa = XCBuildConfiguration;
			buildSettings = {
				BUNDLE_LOADER = "$(TEST_HOST)";
				FRAMEWORK_SEARCH_PATHS = (
					"$(SDKROOT)/Developer/Library/Frameworks",
					"$(inherited)",
				);
				GCC_PREPROCESSOR_DEFINITIONS = (
					"DEBUG=1",
					"$(inherited)",
				);
				INFOPLIST_FILE = AlternatingCharsTests/Info.plist;
				LD_RUNPATH_SEARCH_PATHS = "$(inherited) @executable_path/Frameworks @loader_path/Frameworks";
				PRODUCT_NAME = "$(TARGET_NAME)";
				TEST_HOST = "$(BUILT_PRODUCTS_DIR)/AlternatingChars.app/AlternatingChars";
			};
			name = Debug;
		};
		D254F9DF1A1C7646000D1BED /* Release */ = {
			isa = XCBuildConfiguration;
			buildSettings = {
				BUNDLE_LOADER = "$(TEST_HOST)";
				FRAMEWORK_SEARCH_PATHS = (
					"$(SDKROOT)/Developer/Library/Frameworks",
					"$(inherited)",
				);
				INFOPLIST_FILE = AlternatingCharsTests/Info.plist;
				LD_RUNPATH_SEARCH_PATHS = "$(inherited) @executable_path/Frameworks @loader_path/Frameworks";
				PRODUCT_NAME = "$(TARGET_NAME)";
				TEST_HOST = "$(BUILT_PRODUCTS_DIR)/AlternatingChars.app/AlternatingChars";
			};
			name = Release;
		};
/* End XCBuildConfiguration section */

/* Begin XCConfigurationList section */
		D254F9B21A1C7646000D1BED /* Build configuration list for PBXProject "AlternatingChars" */ = {
			isa = XCConfigurationList;
			buildConfigurations = (
				D254F9D81A1C7646000D1BED /* Debug */,
				D254F9D91A1C7646000D1BED /* Release */,
			);
			defaultConfigurationIsVisible = 0;
			defaultConfigurationName = Release;
		};
		D254F9DA1A1C7646000D1BED /* Build configuration list for PBXNativeTarget "AlternatingChars" */ = {
			isa = XCConfigurationList;
			buildConfigurations = (
				D254F9DB1A1C7646000D1BED /* Debug */,
				D254F9DC1A1C7646000D1BED /* Release */,
			);
			defaultConfigurationIsVisible = 0;
		};
		D254F9DD1A1C7646000D1BED /* Build configuration list for PBXNativeTarget "AlternatingCharsTests" */ = {
			isa = XCConfigurationList;
			buildConfigurations = (
				D254F9DE1A1C7646000D1BED /* Debug */,
				D254F9DF1A1C7646000D1BED /* Release */,
			);
			defaultConfigurationIsVisible = 0;
		};
/* End XCConfigurationList section */
	};
	rootObject = D254F9AF1A1C7646000D1BED /* Project object */;
}
