// !$*UTF8*$!
{
	archiveVersion = 1;
	classes = {
	};
	objectVersion = 46;
	objects = {

/* Begin PBXBuildFile section */
		D2C40C6E1AD7A8ED0026BB3E /* main.c in Sources */ = {isa = PBXBuildFile; fileRef = D2C40C6D1AD7A8ED0026BB3E /* main.c */; };
/* End PBXBuildFile section */

/* Begin PBXCopyFilesBuildPhase section */
		D2C40C681AD7A8ED0026BB3E /* CopyFiles */ = {
			isa = PBXCopyFilesBuildPhase;
			buildActionMask = 2147483647;
			dstPath = /usr/share/man/man1/;
			dstSubfolderSpec = 0;
			files = (
			);
			runOnlyForDeploymentPostprocessing = 1;
		};
/* End PBXCopyFilesBuildPhase section */

/* Begin PBXFileReference section */
		D2C40C6A1AD7A8ED0026BB3E /* CiscoSecurity_Encoding */ = {isa = PBXFileReference; explicitFileType = "compiled.mach-o.executable"; includeInIndex = 0; path = CiscoSecurity_Encoding; sourceTree = BUILT_PRODUCTS_DIR; };
		D2C40C6D1AD7A8ED0026BB3E /* main.c */ = {isa = PBXFileReference; lastKnownFileType = sourcecode.c.c; path = main.c; sourceTree = "<group>"; };
/* End PBXFileReference section */

/* Begin PBXFrameworksBuildPhase section */
		D2C40C671AD7A8ED0026BB3E /* Frameworks */ = {
			isa = PBXFrameworksBuildPhase;
			buildActionMask = 2147483647;
			files = (
			);
			runOnlyForDeploymentPostprocessing = 0;
		};
/* End PBXFrameworksBuildPhase section */

/* Begin PBXGroup section */
		D2C40C611AD7A8ED0026BB3E = {
			isa = PBXGroup;
			children = (
				D2C40C6C1AD7A8ED0026BB3E /* CiscoSecurity_Encoding */,
				D2C40C6B1AD7A8ED0026BB3E /* Products */,
			);
			sourceTree = "<group>";
		};
		D2C40C6B1AD7A8ED0026BB3E /* Products */ = {
			isa = PBXGroup;
			children = (
				D2C40C6A1AD7A8ED0026BB3E /* CiscoSecurity_Encoding */,
			);
			name = Products;
			sourceTree = "<group>";
		};
		D2C40C6C1AD7A8ED0026BB3E /* CiscoSecurity_Encoding */ = {
			isa = PBXGroup;
			children = (
				D2C40C6D1AD7A8ED0026BB3E /* main.c */,
			);
			path = CiscoSecurity_Encoding;
			sourceTree = "<group>";
		};
/* End PBXGroup section */

/* Begin PBXNativeTarget section */
		D2C40C691AD7A8ED0026BB3E /* CiscoSecurity_Encoding */ = {
			isa = PBXNativeTarget;
			buildConfigurationList = D2C40C711AD7A8ED0026BB3E /* Build configuration list for PBXNativeTarget "CiscoSecurity_Encoding" */;
			buildPhases = (
				D2C40C661AD7A8ED0026BB3E /* Sources */,
				D2C40C671AD7A8ED0026BB3E /* Frameworks */,
				D2C40C681AD7A8ED0026BB3E /* CopyFiles */,
			);
			buildRules = (
			);
			dependencies = (
			);
			name = CiscoSecurity_Encoding;
			productName = CiscoSecurity_Encoding;
			productReference = D2C40C6A1AD7A8ED0026BB3E /* CiscoSecurity_Encoding */;
			productType = "com.apple.product-type.tool";
		};
/* End PBXNativeTarget section */

/* Begin PBXProject section */
		D2C40C621AD7A8ED0026BB3E /* Project object */ = {
			isa = PBXProject;
			attributes = {
				LastUpgradeCheck = 0610;
				ORGANIZATIONNAME = hackerRank;
				TargetAttributes = {
					D2C40C691AD7A8ED0026BB3E = {
						CreatedOnToolsVersion = 6.1;
					};
				};
			};
			buildConfigurationList = D2C40C651AD7A8ED0026BB3E /* Build configuration list for PBXProject "CiscoSecurity_Encoding" */;
			compatibilityVersion = "Xcode 3.2";
			developmentRegion = English;
			hasScannedForEncodings = 0;
			knownRegions = (
				en,
			);
			mainGroup = D2C40C611AD7A8ED0026BB3E;
			productRefGroup = D2C40C6B1AD7A8ED0026BB3E /* Products */;
			projectDirPath = "";
			projectRoot = "";
			targets = (
				D2C40C691AD7A8ED0026BB3E /* CiscoSecurity_Encoding */,
			);
		};
/* End PBXProject section */

/* Begin PBXSourcesBuildPhase section */
		D2C40C661AD7A8ED0026BB3E /* Sources */ = {
			isa = PBXSourcesBuildPhase;
			buildActionMask = 2147483647;
			files = (
				D2C40C6E1AD7A8ED0026BB3E /* main.c in Sources */,
			);
			runOnlyForDeploymentPostprocessing = 0;
		};
/* End PBXSourcesBuildPhase section */

/* Begin XCBuildConfiguration section */
		D2C40C6F1AD7A8ED0026BB3E /* Debug */ = {
			isa = XCBuildConfiguration;
			buildSettings = {
				ALWAYS_SEARCH_USER_PATHS = NO;
				CLANG_CXX_LANGUAGE_STANDARD = "gnu++0x";
				CLANG_CXX_LIBRARY = "libc++";
				CLANG_ENABLE_MODULES = YES;
				CLANG_ENABLE_OBJC_ARC = YES;
				CLANG_WARN_BOOL_CONVERSION = YES;
				CLANG_WARN_CONSTANT_CONVERSION = YES;
				CLANG_WARN_DIRECT_OBJC_ISA_USAGE = YES_ERROR;
				CLANG_WARN_EMPTY_BODY = YES;
				CLANG_WARN_ENUM_CONVERSION = YES;
				CLANG_WARN_INT_CONVERSION = YES;
				CLANG_WARN_OBJC_ROOT_CLASS = YES_ERROR;
				CLANG_WARN_UNREACHABLE_CODE = YES;
				CLANG_WARN__DUPLICATE_METHOD_MATCH = YES;
				COPY_PHASE_STRIP = NO;
				ENABLE_STRICT_OBJC_MSGSEND = YES;
				GCC_C_LANGUAGE_STANDARD = gnu99;
				GCC_DYNAMIC_NO_PIC = NO;
				GCC_OPTIMIZATION_LEVEL = 0;
				GCC_PREPROCESSOR_DEFINITIONS = (
					"DEBUG=1",
					"$(inherited)",
				);
				GCC_SYMBOLS_PRIVATE_EXTERN = NO;
				GCC_WARN_64_TO_32_BIT_CONVERSION = YES;
				GCC_WARN_ABOUT_RETURN_TYPE = YES_ERROR;
				GCC_WARN_UNDECLARED_SELECTOR = YES;
				GCC_WARN_UNINITIALIZED_AUTOS = YES_AGGRESSIVE;
				GCC_WARN_UNUSED_FUNCTION = YES;
				GCC_WARN_UNUSED_VARIABLE = YES;
				MACOSX_DEPLOYMENT_TARGET = 10.10;
				MTL_ENABLE_DEBUG_INFO = YES;
				ONLY_ACTIVE_ARCH = YES;
				SDKROOT = macosx;
			};
			name = Debug;
		};
		D2C40C701AD7A8ED0026BB3E /* Release */ = {
			isa = XCBuildConfiguration;
			buildSettings = {
				ALWAYS_SEARCH_USER_PATHS = NO;
				CLANG_CXX_LANGUAGE_STANDARD = "gnu++0x";
				CLANG_CXX_LIBRARY = "libc++";
				CLANG_ENABLE_MODULES = YES;
				CLANG_ENABLE_OBJC_ARC = YES;
				CLANG_WARN_BOOL_CONVERSION = YES;
				CLANG_WARN_CONSTANT_CONVERSION = YES;
				CLANG_WARN_DIRECT_OBJC_ISA_USAGE = YES_ERROR;
				CLANG_WARN_EMPTY_BODY = YES;
				CLANG_WARN_ENUM_CONVERSION = YES;
				CLANG_WARN_INT_CONVERSION = YES;
				CLANG_WARN_OBJC_ROOT_CLASS = YES_ERROR;
				CLANG_WARN_UNREACHABLE_CODE = YES;
				CLANG_WARN__DUPLICATE_METHOD_MATCH = YES;
				COPY_PHASE_STRIP = YES;
				DEBUG_INFORMATION_FORMAT = "dwarf-with-dsym";
				ENABLE_NS_ASSERTIONS = NO;
				ENABLE_STRICT_OBJC_MSGSEND = YES;
				GCC_C_LANGUAGE_STANDARD = gnu99;
				GCC_WARN_64_TO_32_BIT_CONVERSION = YES;
				GCC_WARN_ABOUT_RETURN_TYPE = YES_ERROR;
				GCC_WARN_UNDECLARED_SELECTOR = YES;
				GCC_WARN_UNINITIALIZED_AUTOS = YES_AGGRESSIVE;
				GCC_WARN_UNUSED_FUNCTION = YES;
				GCC_WARN_UNUSED_VARIABLE = YES;
				MACOSX_DEPLOYMENT_TARGET = 10.10;
				MTL_ENABLE_DEBUG_INFO = NO;
				SDKROOT = macosx;
			};
			name = Release;
		};
		D2C40C721AD7A8ED0026BB3E /* Debug */ = {
			isa = XCBuildConfiguration;
			buildSettings = {
				PRODUCT_NAME = "$(TARGET_NAME)";
			};
			name = Debug;
		};
		D2C40C731AD7A8ED0026BB3E /* Release */ = {
			isa = XCBuildConfiguration;
			buildSettings = {
				PRODUCT_NAME = "$(TARGET_NAME)";
			};
			name = Release;
		};
/* End XCBuildConfiguration section */

/* Begin XCConfigurationList section */
		D2C40C651AD7A8ED0026BB3E /* Build configuration list for PBXProject "CiscoSecurity_Encoding" */ = {
			isa = XCConfigurationList;
			buildConfigurations = (
				D2C40C6F1AD7A8ED0026BB3E /* Debug */,
				D2C40C701AD7A8ED0026BB3E /* Release */,
			);
			defaultConfigurationIsVisible = 0;
			defaultConfigurationName = Release;
		};
		D2C40C711AD7A8ED0026BB3E /* Build configuration list for PBXNativeTarget "CiscoSecurity_Encoding" */ = {
			isa = XCConfigurationList;
			buildConfigurations = (
				D2C40C721AD7A8ED0026BB3E /* Debug */,
				D2C40C731AD7A8ED0026BB3E /* Release */,
			);
			defaultConfigurationIsVisible = 0;
		};
/* End XCConfigurationList section */
	};
	rootObject = D2C40C621AD7A8ED0026BB3E /* Project object */;
}
